
Microsoft Visual Studio Solution File, Format Version 12.00
# Visual Studio Version 16
VisualStudioVersion = 16.0.31321.278
MinimumVisualStudioVersion = 10.0.40219.1
Project("{9A19103F-16F7-4668-BE54-9A1E7A4F7556}") = "DeeVizion", "DeeVizion\DeeVizion.csproj", "{3DA09EB7-D946-4ABD-82AE-75684C670CA0}"
EndProject
Project("{FAE04EC0-301F-11D3-BF4B-00C04F79EFBC}") = "DeeVizionTests", "DeeVizionTests\DeeVizionTests.csproj", "{6CF551B3-A76A-427F-AAB6-0ED9D1C77F30}"
EndProject
Global
	GlobalSection(SolutionConfigurationPlatforms) = preSolution
		Debug|Any CPU = Debug|Any CPU
		Release|Any CPU = Release|Any CPU
	EndGlobalSection
	GlobalSection(ProjectConfigurationPlatforms) = postSolution
		{3DA09EB7-D946-4ABD-82AE-75684C670CA0}.Debug|Any CPU.ActiveCfg = Debug|Any CPU
		{3DA09EB7-D946-4ABD-82AE-75684C670CA0}.Debug|Any CPU.Build.0 = Debug|Any CPU
		{3DA09EB7-D946-4ABD-82AE-75684C670CA0}.Release|Any CPU.ActiveCfg = Release|Any CPU
		{3DA09EB7-D946-4ABD-82AE-75684C670CA0}.Release|Any CPU.Build.0 = Release|Any CPU
		{6CF551B3-A76A-427F-AAB6-0ED9D1C77F30}.Debug|Any CPU.ActiveCfg = Debug|Any CPU
		{6CF551B3-A76A-427F-AAB6-0ED9D1C77F30}.Debug|Any CPU.Build.0 = Debug|Any CPU
		{6CF551B3-A76A-427F-AAB6-0ED9D1C77F30}.Release|Any CPU.ActiveCfg = Release|Any CPU
		{6CF551B3-A76A-427F-AAB6-0ED9D1C77F30}.Release|Any CPU.Build.0 = Release|Any CPU
	EndGlobalSection
	GlobalSection(SolutionProperties) = preSolution
		HideSolutionNode = FALSE
	EndGlobalSection
	GlobalSection(ExtensibilityGlobals) = postSolution
		SolutionGuid = {05483F07-1354-41FB-84F8-A422132730BF}
	EndGlobalSection
EndGlobal
